
Microsoft Visual Studio Solution File, Format Version 12.00
# Visual Studio Version 17
VisualStudioVersion = 17.13.35931.197 d17.13
MinimumVisualStudioVersion = 10.0.40219.1
Project("{FAE04EC0-301F-11D3-BF4B-00C04F79EFBC}") = "TokenLesson2", "TokenLesson2\TokenLesson2.csproj", "{F2423004-0119-4FCE-BB52-8C097505514F}"
EndProject
Global
	GlobalSection(SolutionConfigurationPlatforms) = preSolution
		Debug|Any CPU = Debug|Any CPU
		Release|Any CPU = Release|Any CPU
	EndGlobalSection
	GlobalSection(ProjectConfigurationPlatforms) = postSolution
		{F2423004-0119-4FCE-BB52-8C097505514F}.Debug|Any CPU.ActiveCfg = Debug|Any CPU
		{F2423004-0119-4FCE-BB52-8C097505514F}.Debug|Any CPU.Build.0 = Debug|Any CPU
		{F2423004-0119-4FCE-BB52-8C097505514F}.Release|Any CPU.ActiveCfg = Release|Any CPU
		{F2423004-0119-4FCE-BB52-8C097505514F}.Release|Any CPU.Build.0 = Release|Any CPU
	EndGlobalSection
	GlobalSection(SolutionProperties) = preSolution
		HideSolutionNode = FALSE
	EndGlobalSection
	GlobalSection(ExtensibilityGlobals) = postSolution
		SolutionGuid = {773ED977-9934-4972-83F2-4935BE2D68C2}
	EndGlobalSection
EndGlobal
